
Microsoft Visual Studio Solution File, Format Version 12.00
# Visual Studio Version 17
VisualStudioVersion = 17.5.002.0
MinimumVisualStudioVersion = 10.0.40219.1
Project("{2150E333-8FDC-42A3-9474-1A3956D46DE8}") = "Basket", "Basket", "{8016F1C8-3161-4022-B068-432F37A45098}"
EndProject
Project("{9A19103F-16F7-4668-BE54-9A1E7A4F7556}") = "Basket.Api", "Basket\Basket.Api\Basket.Api.csproj", "{100038B7-3072-4A4D-9C13-AC088A5948E6}"
EndProject
Global
	GlobalSection(SolutionConfigurationPlatforms) = preSolution
		Debug|Any CPU = Debug|Any CPU
		Release|Any CPU = Release|Any CPU
	EndGlobalSection
	GlobalSection(ProjectConfigurationPlatforms) = postSolution
		{100038B7-3072-4A4D-9C13-AC088A5948E6}.Debug|Any CPU.ActiveCfg = Debug|Any CPU
		{100038B7-3072-4A4D-9C13-AC088A5948E6}.Debug|Any CPU.Build.0 = Debug|Any CPU
		{100038B7-3072-4A4D-9C13-AC088A5948E6}.Release|Any CPU.ActiveCfg = Release|Any CPU
		{100038B7-3072-4A4D-9C13-AC088A5948E6}.Release|Any CPU.Build.0 = Release|Any CPU
	EndGlobalSection
	GlobalSection(SolutionProperties) = preSolution
		HideSolutionNode = FALSE
	EndGlobalSection
	GlobalSection(NestedProjects) = preSolution
		{100038B7-3072-4A4D-9C13-AC088A5948E6} = {8016F1C8-3161-4022-B068-432F37A45098}
	EndGlobalSection
	GlobalSection(ExtensibilityGlobals) = postSolution
		SolutionGuid = {CDEC622D-0D94-4EEB-BFB7-A230E9ED9024}
	EndGlobalSection
EndGlobal
